
Microsoft Visual Studio Solution File, Format Version 12.00
# Visual Studio Version 17
VisualStudioVersion = 17.0.31912.275
MinimumVisualStudioVersion = 10.0.40219.1
Project("{FAE04EC0-301F-11D3-BF4B-00C04F79EFBC}") = "BetterEnums", "BetterEnums\BetterEnums.csproj", "{913B0EB9-6E7C-48CC-A0AA-384623B0264B}"
EndProject
Global
	GlobalSection(SolutionConfigurationPlatforms) = preSolution
		Debug|Any CPU = Debug|Any CPU
		Release|Any CPU = Release|Any CPU
	EndGlobalSection
	GlobalSection(ProjectConfigurationPlatforms) = postSolution
		{913B0EB9-6E7C-48CC-A0AA-384623B0264B}.Debug|Any CPU.ActiveCfg = Debug|Any CPU
		{913B0EB9-6E7C-48CC-A0AA-384623B0264B}.Debug|Any CPU.Build.0 = Debug|Any CPU
		{913B0EB9-6E7C-48CC-A0AA-384623B0264B}.Release|Any CPU.ActiveCfg = Release|Any CPU
		{913B0EB9-6E7C-48CC-A0AA-384623B0264B}.Release|Any CPU.Build.0 = Release|Any CPU
	EndGlobalSection
	GlobalSection(SolutionProperties) = preSolution
		HideSolutionNode = FALSE
	EndGlobalSection
	GlobalSection(ExtensibilityGlobals) = postSolution
		SolutionGuid = {50AE8C4A-10DC-4CF2-BB37-CEBEE7520447}
	EndGlobalSection
EndGlobal
